
Microsoft Visual Studio Solution File, Format Version 12.00
# Visual Studio 15
VisualStudioVersion = 15.0.28010.2041
MinimumVisualStudioVersion = 10.0.40219.1
Project("{FAE04EC0-301F-11D3-BF4B-00C04F79EFBC}") = "sign_pdf_itext7", "sign_pdf_itext7\sign_pdf_itext7.csproj", "{DB87F033-9323-4C88-A789-F2EE5F6812AE}"
EndProject
Global
	GlobalSection(SolutionConfigurationPlatforms) = preSolution
		Debug|Any CPU = Debug|Any CPU
		Release|Any CPU = Release|Any CPU
	EndGlobalSection
	GlobalSection(ProjectConfigurationPlatforms) = postSolution
		{DB87F033-9323-4C88-A789-F2EE5F6812AE}.Debug|Any CPU.ActiveCfg = Debug|Any CPU
		{DB87F033-9323-4C88-A789-F2EE5F6812AE}.Debug|Any CPU.Build.0 = Debug|Any CPU
		{DB87F033-9323-4C88-A789-F2EE5F6812AE}.Release|Any CPU.ActiveCfg = Release|Any CPU
		{DB87F033-9323-4C88-A789-F2EE5F6812AE}.Release|Any CPU.Build.0 = Release|Any CPU
	EndGlobalSection
	GlobalSection(SolutionProperties) = preSolution
		HideSolutionNode = FALSE
	EndGlobalSection
	GlobalSection(ExtensibilityGlobals) = postSolution
		SolutionGuid = {28E10593-CC4F-43F3-8E69-D5E0F1FC3629}
	EndGlobalSection
EndGlobal
